// !$*UTF8*$!
{
	archiveVersion = 1;
	classes = {
	};
	objectVersion = 50;
	objects = {

/* Begin PBXBuildFile section */
		2257EBD02083B35400FF916C /* ChatVC.swift in Sources */ = {isa = PBXBuildFile; fileRef = 2257EBCF2083B35400FF916C /* ChatVC.swift */; };
		2257EBD22083B36700FF916C /* ChannelVC.swift in Sources */ = {isa = PBXBuildFile; fileRef = 2257EBD12083B36700FF916C /* ChannelVC.swift */; };
		2257EBD42083B78100FF916C /* GradientView.swift in Sources */ = {isa = PBXBuildFile; fileRef = 2257EBD32083B78100FF916C /* GradientView.swift */; };
		2257EBD72083BF9300FF916C /* Constants.swift in Sources */ = {isa = PBXBuildFile; fileRef = 2257EBD62083BF9300FF916C /* Constants.swift */; };
		2257EBD92083C2D100FF916C /* LoginVC.swift in Sources */ = {isa = PBXBuildFile; fileRef = 2257EBD82083C2D100FF916C /* LoginVC.swift */; };
		2257EBDB2083C44100FF916C /* CreateAccountVC.swift in Sources */ = {isa = PBXBuildFile; fileRef = 2257EBDA2083C44100FF916C /* CreateAccountVC.swift */; };
		2257EBDE2084E8B300FF916C /* AuthService.swift in Sources */ = {isa = PBXBuildFile; fileRef = 2257EBDD2084E8B300FF916C /* AuthService.swift */; };
		2257EBE020850A1D00FF916C /* RoundedButton.swift in Sources */ = {isa = PBXBuildFile; fileRef = 2257EBDF20850A1D00FF916C /* RoundedButton.swift */; };
		2257EBE22085118100FF916C /* UserDataService.swift in Sources */ = {isa = PBXBuildFile; fileRef = 2257EBE12085118100FF916C /* UserDataService.swift */; };
		2257EBE420852E7700FF916C /* AvatarPickerVC.swift in Sources */ = {isa = PBXBuildFile; fileRef = 2257EBE320852E7700FF916C /* AvatarPickerVC.swift */; };
		2257EBE62085301700FF916C /* AvatarCell.swift in Sources */ = {isa = PBXBuildFile; fileRef = 2257EBE52085301700FF916C /* AvatarCell.swift */; };
		2257EBE820853BCC00FF916C /* CircleImage.swift in Sources */ = {isa = PBXBuildFile; fileRef = 2257EBE720853BCC00FF916C /* CircleImage.swift */; };
		22727ECC2080EFF400C5F400 /* SWRevealViewController.m in Sources */ = {isa = PBXBuildFile; fileRef = 22727ECA2080EFF400C5F400 /* SWRevealViewController.m */; };
		22DDF91A207FF7F7009A0074 /* AppDelegate.swift in Sources */ = {isa = PBXBuildFile; fileRef = 22DDF919207FF7F7009A0074 /* AppDelegate.swift */; };
		22DDF91F207FF7F7009A0074 /* Main.storyboard in Resources */ = {isa = PBXBuildFile; fileRef = 22DDF91D207FF7F7009A0074 /* Main.storyboard */; };
		22DDF921207FF7F8009A0074 /* Assets.xcassets in Resources */ = {isa = PBXBuildFile; fileRef = 22DDF920207FF7F8009A0074 /* Assets.xcassets */; };
		22DDF924207FF7F8009A0074 /* LaunchScreen.storyboard in Resources */ = {isa = PBXBuildFile; fileRef = 22DDF922207FF7F8009A0074 /* LaunchScreen.storyboard */; };
		22EECE5B2086256E00470C59 /* ProfileVC.swift in Sources */ = {isa = PBXBuildFile; fileRef = 22EECE592086256E00470C59 /* ProfileVC.swift */; };
		22EECE5C2086256E00470C59 /* ProfileVC.xib in Resources */ = {isa = PBXBuildFile; fileRef = 22EECE5A2086256E00470C59 /* ProfileVC.xib */; };
		22EECE5F2086358600470C59 /* MessageService.swift in Sources */ = {isa = PBXBuildFile; fileRef = 22EECE5E2086358600470C59 /* MessageService.swift */; };
		22EECE61208635B600470C59 /* Channel.swift in Sources */ = {isa = PBXBuildFile; fileRef = 22EECE60208635B600470C59 /* Channel.swift */; };
		22EECE6320863E9300470C59 /* ChannelCell.swift in Sources */ = {isa = PBXBuildFile; fileRef = 22EECE6220863E9300470C59 /* ChannelCell.swift */; };
		22EECE662086423D00470C59 /* AddChannelVC.swift in Sources */ = {isa = PBXBuildFile; fileRef = 22EECE642086423D00470C59 /* AddChannelVC.swift */; };
		22EECE672086423D00470C59 /* AddChannelVC.xib in Resources */ = {isa = PBXBuildFile; fileRef = 22EECE652086423D00470C59 /* AddChannelVC.xib */; };
		22EECE6920865CC800470C59 /* SocketService.swift in Sources */ = {isa = PBXBuildFile; fileRef = 22EECE6820865CC800470C59 /* SocketService.swift */; };
		22EECE6B20867F1100470C59 /* Message.swift in Sources */ = {isa = PBXBuildFile; fileRef = 22EECE6A20867F1100470C59 /* Message.swift */; };
		22EECE6D2086864000470C59 /* KeyboardBoundView.swift in Sources */ = {isa = PBXBuildFile; fileRef = 22EECE6C2086863F00470C59 /* KeyboardBoundView.swift */; };
		50685E26D1397BFA2F8B9149 /* Pods_smack_app.framework in Frameworks */ = {isa = PBXBuildFile; fileRef = 44E94C4598933B40FD721450 /* Pods_smack_app.framework */; };
/* End PBXBuildFile section */

/* Begin PBXFileReference section */
		2257EBCF2083B35400FF916C /* ChatVC.swift */ = {isa = PBXFileReference; lastKnownFileType = sourcecode.swift; path = ChatVC.swift; sourceTree = "<group>"; };
		2257EBD12083B36700FF916C /* ChannelVC.swift */ = {isa = PBXFileReference; lastKnownFileType = sourcecode.swift; path = ChannelVC.swift; sourceTree = "<group>"; };
		2257EBD32083B78100FF916C /* GradientView.swift */ = {isa = PBXFileReference; lastKnownFileType = sourcecode.swift; path = GradientView.swift; sourceTree = "<group>"; };
		2257EBD62083BF9300FF916C /* Constants.swift */ = {isa = PBXFileReference; lastKnownFileType = sourcecode.swift; path = Constants.swift; sourceTree = "<group>"; };
		2257EBD82083C2D100FF916C /* LoginVC.swift */ = {isa = PBXFileReference; lastKnownFileType = sourcecode.swift; path = LoginVC.swift; sourceTree = "<group>"; };
		2257EBDA2083C44100FF916C /* CreateAccountVC.swift */ = {isa = PBXFileReference; lastKnownFileType = sourcecode.swift; path = CreateAccountVC.swift; sourceTree = "<group>"; };
		2257EBDD2084E8B300FF916C /* AuthService.swift */ = {isa = PBXFileReference; lastKnownFileType = sourcecode.swift; path = AuthService.swift; sourceTree = "<group>"; };
		2257EBDF20850A1D00FF916C /* RoundedButton.swift */ = {isa = PBXFileReference; lastKnownFileType = sourcecode.swift; path = RoundedButton.swift; sourceTree = "<group>"; };
		2257EBE12085118100FF916C /* UserDataService.swift */ = {isa = PBXFileReference; lastKnownFileType = sourcecode.swift; path = UserDataService.swift; sourceTree = "<group>"; };
		2257EBE320852E7700FF916C /* AvatarPickerVC.swift */ = {isa = PBXFileReference; lastKnownFileType = sourcecode.swift; path = AvatarPickerVC.swift; sourceTree = "<group>"; };
		2257EBE52085301700FF916C /* AvatarCell.swift */ = {isa = PBXFileReference; lastKnownFileType = sourcecode.swift; path = AvatarCell.swift; sourceTree = "<group>"; };
		2257EBE720853BCC00FF916C /* CircleImage.swift */ = {isa = PBXFileReference; lastKnownFileType = sourcecode.swift; path = CircleImage.swift; sourceTree = "<group>"; };
		22727EC92080EFF300C5F400 /* smack-app-Bridging-Header.h */ = {isa = PBXFileReference; lastKnownFileType = sourcecode.c.h; path = "smack-app-Bridging-Header.h"; sourceTree = "<group>"; };
		22727ECA2080EFF400C5F400 /* SWRevealViewController.m */ = {isa = PBXFileReference; fileEncoding = 4; lastKnownFileType = sourcecode.c.objc; path = SWRevealViewController.m; sourceTree = "<group>"; };
		22727ECB2080EFF400C5F400 /* SWRevealViewController.h */ = {isa = PBXFileReference; fileEncoding = 4; lastKnownFileType = sourcecode.c.h; path = SWRevealViewController.h; sourceTree = "<group>"; };
		22DDF916207FF7F7009A0074 /* smack-app.app */ = {isa = PBXFileReference; explicitFileType = wrapper.application; includeInIndex = 0; path = "smack-app.app"; sourceTree = BUILT_PRODUCTS_DIR; };
		22DDF919207FF7F7009A0074 /* AppDelegate.swift */ = {isa = PBXFileReference; lastKnownFileType = sourcecode.swift; path = AppDelegate.swift; sourceTree = "<group>"; };
		22DDF91E207FF7F7009A0074 /* Base */ = {isa = PBXFileReference; lastKnownFileType = file.storyboard; name = Base; path = Base.lproj/Main.storyboard; sourceTree = "<group>"; };
		22DDF920207FF7F8009A0074 /* Assets.xcassets */ = {isa = PBXFileReference; lastKnownFileType = folder.assetcatalog; path = Assets.xcassets; sourceTree = "<group>"; };
		22DDF923207FF7F8009A0074 /* Base */ = {isa = PBXFileReference; lastKnownFileType = file.storyboard; name = Base; path = Base.lproj/LaunchScreen.storyboard; sourceTree = "<group>"; };
		22DDF925207FF7F8009A0074 /* Info.plist */ = {isa = PBXFileReference; lastKnownFileType = text.plist.xml; path = Info.plist; sourceTree = "<group>"; };
		22EECE592086256E00470C59 /* ProfileVC.swift */ = {isa = PBXFileReference; lastKnownFileType = sourcecode.swift; path = ProfileVC.swift; sourceTree = "<group>"; };
		22EECE5A2086256E00470C59 /* ProfileVC.xib */ = {isa = PBXFileReference; lastKnownFileType = file.xib; path = ProfileVC.xib; sourceTree = "<group>"; };
		22EECE5E2086358600470C59 /* MessageService.swift */ = {isa = PBXFileReference; lastKnownFileType = sourcecode.swift; path = MessageService.swift; sourceTree = "<group>"; };
		22EECE60208635B600470C59 /* Channel.swift */ = {isa = PBXFileReference; lastKnownFileType = sourcecode.swift; path = Channel.swift; sourceTree = "<group>"; };
		22EECE6220863E9300470C59 /* ChannelCell.swift */ = {isa = PBXFileReference; lastKnownFileType = sourcecode.swift; path = ChannelCell.swift; sourceTree = "<group>"; };
		22EECE642086423D00470C59 /* AddChannelVC.swift */ = {isa = PBXFileReference; lastKnownFileType = sourcecode.swift; path = AddChannelVC.swift; sourceTree = "<group>"; };
		22EECE652086423D00470C59 /* AddChannelVC.xib */ = {isa = PBXFileReference; lastKnownFileType = file.xib; path = AddChannelVC.xib; sourceTree = "<group>"; };
		22EECE6820865CC800470C59 /* SocketService.swift */ = {isa = PBXFileReference; lastKnownFileType = sourcecode.swift; path = SocketService.swift; sourceTree = "<group>"; };
		22EECE6A20867F1100470C59 /* Message.swift */ = {isa = PBXFileReference; lastKnownFileType = sourcecode.swift; path = Message.swift; sourceTree = "<group>"; };
		22EECE6C2086863F00470C59 /* KeyboardBoundView.swift */ = {isa = PBXFileReference; fileEncoding = 4; lastKnownFileType = sourcecode.swift; path = KeyboardBoundView.swift; sourceTree = "<group>"; };
		44E94C4598933B40FD721450 /* Pods_smack_app.framework */ = {isa = PBXFileReference; explicitFileType = wrapper.framework; includeInIndex = 0; path = Pods_smack_app.framework; sourceTree = BUILT_PRODUCTS_DIR; };
		D63F3F3DCBA22FAAE1D28E95 /* Pods-smack-app.release.xcconfig */ = {isa = PBXFileReference; includeInIndex = 1; lastKnownFileType = text.xcconfig; name = "Pods-smack-app.release.xcconfig"; path = "Pods/Target Support Files/Pods-smack-app/Pods-smack-app.release.xcconfig"; sourceTree = "<group>"; };
		F372FB36810D99BD25B5121C /* Pods-smack-app.debug.xcconfig */ = {isa = PBXFileReference; includeInIndex = 1; lastKnownFileType = text.xcconfig; name = "Pods-smack-app.debug.xcconfig"; path = "Pods/Target Support Files/Pods-smack-app/Pods-smack-app.debug.xcconfig"; sourceTree = "<group>"; };
/* End PBXFileReference section */

/* Begin PBXFrameworksBuildPhase section */
		22DDF913207FF7F7009A0074 /* Frameworks */ = {
			isa = PBXFrameworksBuildPhase;
			buildActionMask = 2147483647;
			files = (
				50685E26D1397BFA2F8B9149 /* Pods_smack_app.framework in Frameworks */,
			);
			runOnlyForDeploymentPostprocessing = 0;
		};
/* End PBXFrameworksBuildPhase section */

/* Begin PBXGroup section */
		0D15E2E79E5BD0D38779C0DC /* Frameworks */ = {
			isa = PBXGroup;
			children = (
				44E94C4598933B40FD721450 /* Pods_smack_app.framework */,
			);
			name = Frameworks;
			sourceTree = "<group>";
		};
		2257EBCC2083B32300FF916C /* Model */ = {
			isa = PBXGroup;
			children = (
				22EECE60208635B600470C59 /* Channel.swift */,
				22EECE6A20867F1100470C59 /* Message.swift */,
			);
			path = Model;
			sourceTree = "<group>";
		};
		2257EBCD2083B32D00FF916C /* Controller */ = {
			isa = PBXGroup;
			children = (
				2257EBCF2083B35400FF916C /* ChatVC.swift */,
				2257EBD12083B36700FF916C /* ChannelVC.swift */,
				2257EBD82083C2D100FF916C /* LoginVC.swift */,
				2257EBDA2083C44100FF916C /* CreateAccountVC.swift */,
				2257EBE320852E7700FF916C /* AvatarPickerVC.swift */,
				22EECE592086256E00470C59 /* ProfileVC.swift */,
				22EECE642086423D00470C59 /* AddChannelVC.swift */,
			);
			path = Controller;
			sourceTree = "<group>";
		};
		2257EBCE2083B33200FF916C /* View */ = {
			isa = PBXGroup;
			children = (
				2257EBD32083B78100FF916C /* GradientView.swift */,
				2257EBDF20850A1D00FF916C /* RoundedButton.swift */,
				2257EBE52085301700FF916C /* AvatarCell.swift */,
				2257EBE720853BCC00FF916C /* CircleImage.swift */,
				22EECE6220863E9300470C59 /* ChannelCell.swift */,
				22EECE6C2086863F00470C59 /* KeyboardBoundView.swift */,
			);
			path = View;
			sourceTree = "<group>";
		};
		2257EBD52083BF7F00FF916C /* Utilities */ = {
			isa = PBXGroup;
			children = (
				2257EBD62083BF9300FF916C /* Constants.swift */,
			);
			path = Utilities;
			sourceTree = "<group>";
		};
		2257EBDC2084E89C00FF916C /* Services */ = {
			isa = PBXGroup;
			children = (
				2257EBDD2084E8B300FF916C /* AuthService.swift */,
				2257EBE12085118100FF916C /* UserDataService.swift */,
				22EECE5E2086358600470C59 /* MessageService.swift */,
				22EECE6820865CC800470C59 /* SocketService.swift */,
			);
			path = Services;
			sourceTree = "<group>";
		};
		22727EC82080EF7400C5F400 /* Supporting Files */ = {
			isa = PBXGroup;
			children = (
				22727ECB2080EFF400C5F400 /* SWRevealViewController.h */,
				22727ECA2080EFF400C5F400 /* SWRevealViewController.m */,
				22727EC92080EFF300C5F400 /* smack-app-Bridging-Header.h */,
			);
			path = "Supporting Files";
			sourceTree = "<group>";
		};
		22DDF90D207FF7F7009A0074 = {
			isa = PBXGroup;
			children = (
				22DDF918207FF7F7009A0074 /* smack-app */,
				22DDF917207FF7F7009A0074 /* Products */,
				4910C8B3EAA867826C703E9C /* Pods */,
				0D15E2E79E5BD0D38779C0DC /* Frameworks */,
			);
			sourceTree = "<group>";
		};
		22DDF917207FF7F7009A0074 /* Products */ = {
			isa = PBXGroup;
			children = (
				22DDF916207FF7F7009A0074 /* smack-app.app */,
			);
			name = Products;
			sourceTree = "<group>";
		};
		22DDF918207FF7F7009A0074 /* smack-app */ = {
			isa = PBXGroup;
			children = (
				22EECE5D2086258E00470C59 /* XIBs */,
				2257EBDC2084E89C00FF916C /* Services */,
				2257EBD52083BF7F00FF916C /* Utilities */,
				2257EBCC2083B32300FF916C /* Model */,
				2257EBCE2083B33200FF916C /* View */,
				2257EBCD2083B32D00FF916C /* Controller */,
				22727EC82080EF7400C5F400 /* Supporting Files */,
				22DDF919207FF7F7009A0074 /* AppDelegate.swift */,
				22DDF91D207FF7F7009A0074 /* Main.storyboard */,
				22DDF920207FF7F8009A0074 /* Assets.xcassets */,
				22DDF922207FF7F8009A0074 /* LaunchScreen.storyboard */,
				22DDF925207FF7F8009A0074 /* Info.plist */,
			);
			path = "smack-app";
			sourceTree = "<group>";
		};
		22EECE5D2086258E00470C59 /* XIBs */ = {
			isa = PBXGroup;
			children = (
				22EECE5A2086256E00470C59 /* ProfileVC.xib */,
				22EECE652086423D00470C59 /* AddChannelVC.xib */,
			);
			path = XIBs;
			sourceTree = "<group>";
		};
		4910C8B3EAA867826C703E9C /* Pods */ = {
			isa = PBXGroup;
			children = (
				F372FB36810D99BD25B5121C /* Pods-smack-app.debug.xcconfig */,
				D63F3F3DCBA22FAAE1D28E95 /* Pods-smack-app.release.xcconfig */,
			);
			name = Pods;
			sourceTree = "<group>";
		};
/* End PBXGroup section */

/* Begin PBXNativeTarget section */
		22DDF915207FF7F7009A0074 /* smack-app */ = {
			isa = PBXNativeTarget;
			buildConfigurationList = 22DDF928207FF7F8009A0074 /* Build configuration list for PBXNativeTarget "smack-app" */;
			buildPhases = (
				5CD727C8EB33A7A5949163C7 /* [CP] Check Pods Manifest.lock */,
				22DDF912207FF7F7009A0074 /* Sources */,
				22DDF913207FF7F7009A0074 /* Frameworks */,
				22DDF914207FF7F7009A0074 /* Resources */,
				6A6E10F85458F66F804904A5 /* [CP] Embed Pods Frameworks */,
			);
			buildRules = (
			);
			dependencies = (
			);
			name = "smack-app";
			productName = "smack-app";
			productReference = 22DDF916207FF7F7009A0074 /* smack-app.app */;
			productType = "com.apple.product-type.application";
		};
/* End PBXNativeTarget section */

/* Begin PBXProject section */
		22DDF90E207FF7F7009A0074 /* Project object */ = {
			isa = PBXProject;
			attributes = {
				LastSwiftUpdateCheck = 0930;
				LastUpgradeCheck = 0930;
				ORGANIZATIONNAME = "Dan Sims";
				TargetAttributes = {
					22DDF915207FF7F7009A0074 = {
						CreatedOnToolsVersion = 9.3;
						LastSwiftMigration = 0930;
					};
				};
			};
			buildConfigurationList = 22DDF911207FF7F7009A0074 /* Build configuration list for PBXProject "smack-app" */;
			compatibilityVersion = "Xcode 9.3";
			developmentRegion = en;
			hasScannedForEncodings = 0;
			knownRegions = (
				en,
				Base,
			);
			mainGroup = 22DDF90D207FF7F7009A0074;
			productRefGroup = 22DDF917207FF7F7009A0074 /* Products */;
			projectDirPath = "";
			projectRoot = "";
			targets = (
				22DDF915207FF7F7009A0074 /* smack-app */,
			);
		};
/* End PBXProject section */

/* Begin PBXResourcesBuildPhase section */
		22DDF914207FF7F7009A0074 /* Resources */ = {
			isa = PBXResourcesBuildPhase;
			buildActionMask = 2147483647;
			files = (
				22EECE672086423D00470C59 /* AddChannelVC.xib in Resources */,
				22EECE5C2086256E00470C59 /* ProfileVC.xib in Resources */,
				22DDF924207FF7F8009A0074 /* LaunchScreen.storyboard in Resources */,
				22DDF921207FF7F8009A0074 /* Assets.xcassets in Resources */,
				22DDF91F207FF7F7009A0074 /* Main.storyboard in Resources */,
			);
			runOnlyForDeploymentPostprocessing = 0;
		};
/* End PBXResourcesBuildPhase section */

/* Begin PBXShellScriptBuildPhase section */
		5CD727C8EB33A7A5949163C7 /* [CP] Check Pods Manifest.lock */ = {
			isa = PBXShellScriptBuildPhase;
			buildActionMask = 2147483647;
			files = (
			);
			inputPaths = (
				"${PODS_PODFILE_DIR_PATH}/Podfile.lock",
				"${PODS_ROOT}/Manifest.lock",
			);
			name = "[CP] Check Pods Manifest.lock";
			outputPaths = (
				"$(DERIVED_FILE_DIR)/Pods-smack-app-checkManifestLockResult.txt",
			);
			runOnlyForDeploymentPostprocessing = 0;
			shellPath = /bin/sh;
			shellScript = "diff \"${PODS_PODFILE_DIR_PATH}/Podfile.lock\" \"${PODS_ROOT}/Manifest.lock\" > /dev/null\nif [ $? != 0 ] ; then\n    # print error to STDERR\n    echo \"error: The sandbox is not in sync with the Podfile.lock. Run 'pod install' or update your CocoaPods installation.\" >&2\n    exit 1\nfi\n# This output is used by Xcode 'outputs' to avoid re-running this script phase.\necho \"SUCCESS\" > \"${SCRIPT_OUTPUT_FILE_0}\"\n";
			showEnvVarsInLog = 0;
		};
		6A6E10F85458F66F804904A5 /* [CP] Embed Pods Frameworks */ = {
			isa = PBXShellScriptBuildPhase;
			buildActionMask = 2147483647;
			files = (
			);
			inputPaths = (
				"${SRCROOT}/Pods/Target Support Files/Pods-smack-app/Pods-smack-app-frameworks.sh",
				"${BUILT_PRODUCTS_DIR}/Alamofire/Alamofire.framework",
				"${BUILT_PRODUCTS_DIR}/Socket.IO-Client-Swift/SocketIO.framework",
				"${BUILT_PRODUCTS_DIR}/Starscream/Starscream.framework",
				"${BUILT_PRODUCTS_DIR}/SwiftyJSON/SwiftyJSON.framework",
			);
			name = "[CP] Embed Pods Frameworks";
			outputPaths = (
				"${TARGET_BUILD_DIR}/${FRAMEWORKS_FOLDER_PATH}/Alamofire.framework",
				"${TARGET_BUILD_DIR}/${FRAMEWORKS_FOLDER_PATH}/SocketIO.framework",
				"${TARGET_BUILD_DIR}/${FRAMEWORKS_FOLDER_PATH}/Starscream.framework",
				"${TARGET_BUILD_DIR}/${FRAMEWORKS_FOLDER_PATH}/SwiftyJSON.framework",
			);
			runOnlyForDeploymentPostprocessing = 0;
			shellPath = /bin/sh;
			shellScript = "\"${SRCROOT}/Pods/Target Support Files/Pods-smack-app/Pods-smack-app-frameworks.sh\"\n";
			showEnvVarsInLog = 0;
		};
/* End PBXShellScriptBuildPhase section */

/* Begin PBXSourcesBuildPhase section */
		22DDF912207FF7F7009A0074 /* Sources */ = {
			isa = PBXSourcesBuildPhase;
			buildActionMask = 2147483647;
			files = (
				22EECE6D2086864000470C59 /* KeyboardBoundView.swift in Sources */,
				22EECE6920865CC800470C59 /* SocketService.swift in Sources */,
				22EECE5B2086256E00470C59 /* ProfileVC.swift in Sources */,
				22EECE6320863E9300470C59 /* ChannelCell.swift in Sources */,
				2257EBD22083B36700FF916C /* ChannelVC.swift in Sources */,
				2257EBE420852E7700FF916C /* AvatarPickerVC.swift in Sources */,
				2257EBE020850A1D00FF916C /* RoundedButton.swift in Sources */,
				22EECE6B20867F1100470C59 /* Message.swift in Sources */,
				22EECE61208635B600470C59 /* Channel.swift in Sources */,
				2257EBE820853BCC00FF916C /* CircleImage.swift in Sources */,
				22EECE5F2086358600470C59 /* MessageService.swift in Sources */,
				2257EBD02083B35400FF916C /* ChatVC.swift in Sources */,
				2257EBE22085118100FF916C /* UserDataService.swift in Sources */,
				2257EBDB2083C44100FF916C /* CreateAccountVC.swift in Sources */,
				2257EBDE2084E8B300FF916C /* AuthService.swift in Sources */,
				2257EBD92083C2D100FF916C /* LoginVC.swift in Sources */,
				22EECE662086423D00470C59 /* AddChannelVC.swift in Sources */,
				2257EBD42083B78100FF916C /* GradientView.swift in Sources */,
				2257EBE62085301700FF916C /* AvatarCell.swift in Sources */,
				22DDF91A207FF7F7009A0074 /* AppDelegate.swift in Sources */,
				22727ECC2080EFF400C5F400 /* SWRevealViewController.m in Sources */,
				2257EBD72083BF9300FF916C /* Constants.swift in Sources */,
			);
			runOnlyForDeploymentPostprocessing = 0;
		};
/* End PBXSourcesBuildPhase section */

/* Begin PBXVariantGroup section */
		22DDF91D207FF7F7009A0074 /* Main.storyboard */ = {
			isa = PBXVariantGroup;
			children = (
				22DDF91E207FF7F7009A0074 /* Base */,
			);
			name = Main.storyboard;
			sourceTree = "<group>";
		};
		22DDF922207FF7F8009A0074 /* LaunchScreen.storyboard */ = {
			isa = PBXVariantGroup;
			children = (
				22DDF923207FF7F8009A0074 /* Base */,
			);
			name = LaunchScreen.storyboard;
			sourceTree = "<group>";
		};
/* End PBXVariantGroup section */

/* Begin XCBuildConfiguration section */
		22DDF926207FF7F8009A0074 /* Debug */ = {
			isa = XCBuildConfiguration;
			buildSettings = {
				ALWAYS_SEARCH_USER_PATHS = NO;
				CLANG_ANALYZER_NONNULL = YES;
				CLANG_ANALYZER_NUMBER_OBJECT_CONVERSION = YES_AGGRESSIVE;
				CLANG_CXX_LANGUAGE_STANDARD = "gnu++14";
				CLANG_CXX_LIBRARY = "libc++";
				CLANG_ENABLE_MODULES = YES;
				CLANG_ENABLE_OBJC_ARC = YES;
				CLANG_ENABLE_OBJC_WEAK = YES;
				CLANG_WARN_BLOCK_CAPTURE_AUTORELEASING = YES;
				CLANG_WARN_BOOL_CONVERSION = YES;
				CLANG_WARN_COMMA = YES;
				CLANG_WARN_CONSTANT_CONVERSION = YES;
				CLANG_WARN_DEPRECATED_OBJC_IMPLEMENTATIONS = YES;
				CLANG_WARN_DIRECT_OBJC_ISA_USAGE = YES_ERROR;
				CLANG_WARN_DOCUMENTATION_COMMENTS = YES;
				CLANG_WARN_EMPTY_BODY = YES;
				CLANG_WARN_ENUM_CONVERSION = YES;
				CLANG_WARN_INFINITE_RECURSION = YES;
				CLANG_WARN_INT_CONVERSION = YES;
				CLANG_WARN_NON_LITERAL_NULL_CONVERSION = YES;
				CLANG_WARN_OBJC_IMPLICIT_RETAIN_SELF = YES;
				CLANG_WARN_OBJC_LITERAL_CONVERSION = YES;
				CLANG_WARN_OBJC_ROOT_CLASS = YES_ERROR;
				CLANG_WARN_RANGE_LOOP_ANALYSIS = YES;
				CLANG_WARN_STRICT_PROTOTYPES = YES;
				CLANG_WARN_SUSPICIOUS_MOVE = YES;
				CLANG_WARN_UNGUARDED_AVAILABILITY = YES_AGGRESSIVE;
				CLANG_WARN_UNREACHABLE_CODE = YES;
				CLANG_WARN__DUPLICATE_METHOD_MATCH = YES;
				CODE_SIGN_IDENTITY = "iPhone Developer";
				COPY_PHASE_STRIP = NO;
				DEBUG_INFORMATION_FORMAT = dwarf;
				ENABLE_STRICT_OBJC_MSGSEND = YES;
				ENABLE_TESTABILITY = YES;
				GCC_C_LANGUAGE_STANDARD = gnu11;
				GCC_DYNAMIC_NO_PIC = NO;
				GCC_NO_COMMON_BLOCKS = YES;
				GCC_OPTIMIZATION_LEVEL = 0;
				GCC_PREPROCESSOR_DEFINITIONS = (
					"DEBUG=1",
					"$(inherited)",
				);
				GCC_WARN_64_TO_32_BIT_CONVERSION = YES;
				GCC_WARN_ABOUT_RETURN_TYPE = YES_ERROR;
				GCC_WARN_UNDECLARED_SELECTOR = YES;
				GCC_WARN_UNINITIALIZED_AUTOS = YES_AGGRESSIVE;
				GCC_WARN_UNUSED_FUNCTION = YES;
				GCC_WARN_UNUSED_VARIABLE = YES;
				IPHONEOS_DEPLOYMENT_TARGET = 11.3;
				MTL_ENABLE_DEBUG_INFO = YES;
				ONLY_ACTIVE_ARCH = YES;
				SDKROOT = iphoneos;
				SWIFT_ACTIVE_COMPILATION_CONDITIONS = DEBUG;
				SWIFT_OPTIMIZATION_LEVEL = "-Onone";
			};
			name = Debug;
		};
		22DDF927207FF7F8009A0074 /* Release */ = {
			isa = XCBuildConfiguration;
			buildSettings = {
				ALWAYS_SEARCH_USER_PATHS = NO;
				CLANG_ANALYZER_NONNULL = YES;
				CLANG_ANALYZER_NUMBER_OBJECT_CONVERSION = YES_AGGRESSIVE;
				CLANG_CXX_LANGUAGE_STANDARD = "gnu++14";
				CLANG_CXX_LIBRARY = "libc++";
				CLANG_ENABLE_MODULES = YES;
				CLANG_ENABLE_OBJC_ARC = YES;
				CLANG_ENABLE_OBJC_WEAK = YES;
				CLANG_WARN_BLOCK_CAPTURE_AUTORELEASING = YES;
				CLANG_WARN_BOOL_CONVERSION = YES;
				CLANG_WARN_COMMA = YES;
				CLANG_WARN_CONSTANT_CONVERSION = YES;
				CLANG_WARN_DEPRECATED_OBJC_IMPLEMENTATIONS = YES;
				CLANG_WARN_DIRECT_OBJC_ISA_USAGE = YES_ERROR;
				CLANG_WARN_DOCUMENTATION_COMMENTS = YES;
				CLANG_WARN_EMPTY_BODY = YES;
				CLANG_WARN_ENUM_CONVERSION = YES;
				CLANG_WARN_INFINITE_RECURSION = YES;
				CLANG_WARN_INT_CONVERSION = YES;
				CLANG_WARN_NON_LITERAL_NULL_CONVERSION = YES;
				CLANG_WARN_OBJC_IMPLICIT_RETAIN_SELF = YES;
				CLANG_WARN_OBJC_LITERAL_CONVERSION = YES;
				CLANG_WARN_OBJC_ROOT_CLASS = YES_ERROR;
				CLANG_WARN_RANGE_LOOP_ANALYSIS = YES;
				CLANG_WARN_STRICT_PROTOTYPES = YES;
				CLANG_WARN_SUSPICIOUS_MOVE = YES;
				CLANG_WARN_UNGUARDED_AVAILABILITY = YES_AGGRESSIVE;
				CLANG_WARN_UNREACHABLE_CODE = YES;
				CLANG_WARN__DUPLICATE_METHOD_MATCH = YES;
				CODE_SIGN_IDENTITY = "iPhone Developer";
				COPY_PHASE_STRIP = NO;
				DEBUG_INFORMATION_FORMAT = "dwarf-with-dsym";
				ENABLE_NS_ASSERTIONS = NO;
				ENABLE_STRICT_OBJC_MSGSEND = YES;
				GCC_C_LANGUAGE_STANDARD = gnu11;
				GCC_NO_COMMON_BLOCKS = YES;
				GCC_WARN_64_TO_32_BIT_CONVERSION = YES;
				GCC_WARN_ABOUT_RETURN_TYPE = YES_ERROR;
				GCC_WARN_UNDECLARED_SELECTOR = YES;
				GCC_WARN_UNINITIALIZED_AUTOS = YES_AGGRESSIVE;
				GCC_WARN_UNUSED_FUNCTION = YES;
				GCC_WARN_UNUSED_VARIABLE = YES;
				IPHONEOS_DEPLOYMENT_TARGET = 11.3;
				MTL_ENABLE_DEBUG_INFO = NO;
				SDKROOT = iphoneos;
				SWIFT_COMPILATION_MODE = wholemodule;
				SWIFT_OPTIMIZATION_LEVEL = "-O";
				VALIDATE_PRODUCT = YES;
			};
			name = Release;
		};
		22DDF929207FF7F8009A0074 /* Debug */ = {
			isa = XCBuildConfiguration;
			baseConfigurationReference = F372FB36810D99BD25B5121C /* Pods-smack-app.debug.xcconfig */;
			buildSettings = {
				ASSETCATALOG_COMPILER_APPICON_NAME = AppIcon;
				CLANG_ENABLE_MODULES = YES;
				CODE_SIGN_STYLE = Automatic;
				DEVELOPMENT_TEAM = 8H9PG8ANQ2;
				INFOPLIST_FILE = "smack-app/Info.plist";
				LD_RUNPATH_SEARCH_PATHS = (
					"$(inherited)",
					"@executable_path/Frameworks",
				);
				PRODUCT_BUNDLE_IDENTIFIER = "DS.smack-app";
				PRODUCT_NAME = "$(TARGET_NAME)";
				SWIFT_OBJC_BRIDGING_HEADER = "smack-app/Supporting Files/smack-app-Bridging-Header.h";
				SWIFT_OPTIMIZATION_LEVEL = "-Onone";
				SWIFT_VERSION = 4.0;
				TARGETED_DEVICE_FAMILY = "1,2";
			};
			name = Debug;
		};
		22DDF92A207FF7F8009A0074 /* Release */ = {
			isa = XCBuildConfiguration;
			baseConfigurationReference = D63F3F3DCBA22FAAE1D28E95 /* Pods-smack-app.release.xcconfig */;
			buildSettings = {
				ASSETCATALOG_COMPILER_APPICON_NAME = AppIcon;
				CLANG_ENABLE_MODULES = YES;
				CODE_SIGN_STYLE = Automatic;
				DEVELOPMENT_TEAM = 8H9PG8ANQ2;
				INFOPLIST_FILE = "smack-app/Info.plist";
				LD_RUNPATH_SEARCH_PATHS = (
					"$(inherited)",
					"@executable_path/Frameworks",
				);
				PRODUCT_BUNDLE_IDENTIFIER = "DS.smack-app";
				PRODUCT_NAME = "$(TARGET_NAME)";
				SWIFT_OBJC_BRIDGING_HEADER = "smack-app/Supporting Files/smack-app-Bridging-Header.h";
				SWIFT_VERSION = 4.0;
				TARGETED_DEVICE_FAMILY = "1,2";
			};
			name = Release;
		};
/* End XCBuildConfiguration section */

/* Begin XCConfigurationList section */
		22DDF911207FF7F7009A0074 /* Build configuration list for PBXProject "smack-app" */ = {
			isa = XCConfigurationList;
			buildConfigurations = (
				22DDF926207FF7F8009A0074 /* Debug */,
				22DDF927207FF7F8009A0074 /* Release */,
			);
			defaultConfigurationIsVisible = 0;
			defaultConfigurationName = Release;
		};
		22DDF928207FF7F8009A0074 /* Build configuration list for PBXNativeTarget "smack-app" */ = {
			isa = XCConfigurationList;
			buildConfigurations = (
				22DDF929207FF7F8009A0074 /* Debug */,
				22DDF92A207FF7F8009A0074 /* Release */,
			);
			defaultConfigurationIsVisible = 0;
			defaultConfigurationName = Release;
		};
/* End XCConfigurationList section */
	};
	rootObject = 22DDF90E207FF7F7009A0074 /* Project object */;
}
